<?xml version="1.0" encoding="utf-8"?>
<Project ToolsVersion="4.0" xmlns="http://schemas.microsoft.com/developer/msbuild/2003">
  <ItemGroup>
    <Filter Include="源文件">
      <UniqueIdentifier>{4FC737F1-C7A5-4376-A066-2A32D752A2FF}</UniqueIdentifier>
      <Extensions>cpp;c;cc;cxx;def;odl;idl;hpj;bat;asm;asmx</Extensions>
    </Filter>
    <Filter Include="头文件">
      <UniqueIdentifier>{93995380-89BD-4b04-88EB-625FBE52EBFB}</UniqueIdentifier>
      <Extensions>h;hpp;hxx;hm;inl;inc;xsd</Extensions>
    </Filter>
    <Filter Include="资源文件">
      <UniqueIdentifier>{67DA6AB6-F800-4c08-8B7A-83BB121AAD01}</UniqueIdentifier>
      <Extensions>rc;ico;cur;bmp;dlg;rc2;rct;bin;rgs;gif;jpg;jpeg;jpe;resx;tiff;tif;png;wav;mfcribbon-ms</Extensions>
    </Filter>
    <Filter Include="code_base">
      <UniqueIdentifier>{e50beebd-233b-45a2-87d9-8f1b4bad7069}</UniqueIdentifier>
    </Filter>
    <Filter Include="capture">
      <UniqueIdentifier>{b8de7b6a-d7f1-472c-823c-0d9d869b7143}</UniqueIdentifier>
    </Filter>
  </ItemGroup>
  <ItemGroup>
    <None Include="res\My.rc2">
      <Filter>资源文件</Filter>
    </None>
    <None Include="res\编程助理.ico">
      <Filter>资源文件</Filter>
    </None>
    <None Include="res\code.ico">
      <Filter>资源文件</Filter>
    </None>
    <None Include="res\clip.ico">
      <Filter>资源文件</Filter>
    </None>
    <None Include="res\ColorSnap.ico">
      <Filter>资源文件</Filter>
    </None>
    <None Include="res\magnifier.ico">
      <Filter>资源文件</Filter>
    </None>
    <None Include="res\8.ico">
      <Filter>资源文件</Filter>
    </None>
    <None Include="res\10.cur">
      <Filter>资源文件</Filter>
    </None>
    <None Include="Animator.rgs">
      <Filter>资源文件</Filter>
    </None>
    <None Include="OleImage.rgs">
      <Filter>资源文件</Filter>
    </None>
  </ItemGroup>
  <ItemGroup>
    <ClInclude Include="编程助理.h">
      <Filter>头文件</Filter>
    </ClInclude>
    <ClInclude Include="MainDlg.h">
      <Filter>头文件</Filter>
    </ClInclude>
    <ClInclude Include="stdafx.h">
      <Filter>头文件</Filter>
    </ClInclude>
    <ClInclude Include="targetver.h">
      <Filter>头文件</Filter>
    </ClInclude>
    <ClInclude Include="Resource.h">
      <Filter>头文件</Filter>
    </ClInclude>
    <ClInclude Include="AutoCombox.h">
      <Filter>头文件</Filter>
    </ClInclude>
    <ClInclude Include="CurlDownload.h">
      <Filter>头文件</Filter>
    </ClInclude>
    <ClInclude Include="CurlDownloadImpl.h">
      <Filter>头文件</Filter>
    </ClInclude>
    <ClInclude Include="EditDlg.h">
      <Filter>头文件</Filter>
    </ClInclude>
    <ClInclude Include="HttpFileEx.h">
      <Filter>头文件</Filter>
    </ClInclude>
    <ClInclude Include="LoginDlg.h">
      <Filter>头文件</Filter>
    </ClInclude>
    <ClInclude Include="ModifyDlg.h">
      <Filter>头文件</Filter>
    </ClInclude>
    <ClInclude Include="OleRichEditCtrl.h">
      <Filter>头文件</Filter>
    </ClInclude>
    <ClInclude Include="ProjectDlg.h">
      <Filter>头文件</Filter>
    </ClInclude>
    <ClInclude Include="RegisterDlg.h">
      <Filter>头文件</Filter>
    </ClInclude>
    <ClInclude Include="SearchDlg.h">
      <Filter>头文件</Filter>
    </ClInclude>
    <ClInclude Include="SettingDlg.h">
      <Filter>头文件</Filter>
    </ClInclude>
    <ClInclude Include="SortHeaderCtrl.h">
      <Filter>头文件</Filter>
    </ClInclude>
    <ClInclude Include="SortListCtrl.h">
      <Filter>头文件</Filter>
    </ClInclude>
    <ClInclude Include="SqliteManager.h">
      <Filter>头文件</Filter>
    </ClInclude>
    <ClInclude Include="SynchronizeDlg.h">
      <Filter>头文件</Filter>
    </ClInclude>
    <ClInclude Include="threadpool.h">
      <Filter>头文件</Filter>
    </ClInclude>
    <ClInclude Include="TransmissionDlg.h">
      <Filter>头文件</Filter>
    </ClInclude>
    <ClInclude Include="NotifyDlg.h">
      <Filter>头文件</Filter>
    </ClInclude>
    <ClInclude Include="WebProjectDlg.h">
      <Filter>头文件</Filter>
    </ClInclude>
    <ClInclude Include="WebEditDlg.h">
      <Filter>头文件</Filter>
    </ClInclude>
    <ClInclude Include="GroupDlg.h">
      <Filter>头文件</Filter>
    </ClInclude>
    <ClInclude Include="code_base\ControlAnchor.h">
      <Filter>code_base</Filter>
    </ClInclude>
    <ClInclude Include="code_base\CustomDrawCommon.h">
      <Filter>code_base</Filter>
    </ClInclude>
    <ClInclude Include="code_base\CustomDrawControl.h">
      <Filter>code_base</Filter>
    </ClInclude>
    <ClInclude Include="code_base\CustomDrawUtils.h">
      <Filter>code_base</Filter>
    </ClInclude>
    <ClInclude Include="capture\common.h">
      <Filter>capture</Filter>
    </ClInclude>
    <ClInclude Include="capture\FullScreenWnd.h">
      <Filter>capture</Filter>
    </ClInclude>
    <ClInclude Include="capture\ImageButton.h">
      <Filter>capture</Filter>
    </ClInclude>
    <ClInclude Include="capture\MagnifierDlg.h">
      <Filter>capture</Filter>
    </ClInclude>
    <ClInclude Include="capture\PickColorDlg.h">
      <Filter>capture</Filter>
    </ClInclude>
    <ClInclude Include="capture\ScreenToolDlg.h">
      <Filter>capture</Filter>
    </ClInclude>
    <ClInclude Include="capture\SnapWindowDlg.h">
      <Filter>capture</Filter>
    </ClInclude>
    <ClInclude Include="ParagraphDlg.h">
      <Filter>头文件</Filter>
    </ClInclude>
    <ClInclude Include="DocumentDlg.h">
      <Filter>头文件</Filter>
    </ClInclude>
    <ClInclude Include="TabSheet.h">
      <Filter>头文件</Filter>
    </ClInclude>
    <ClInclude Include="AssistantDlg.h">
      <Filter>头文件</Filter>
    </ClInclude>
    <ClInclude Include="OleImage.h">
      <Filter>头文件</Filter>
    </ClInclude>
    <ClInclude Include="Animator_i.h">
      <Filter>头文件</Filter>
    </ClInclude>
    <ClInclude Include="_IOleImageEvents_CP.h">
      <Filter>头文件</Filter>
    </ClInclude>
  </ItemGroup>
  <ItemGroup>
    <ClCompile Include="编程助理.cpp">
      <Filter>源文件</Filter>
    </ClCompile>
    <ClCompile Include="MainDlg.cpp">
      <Filter>源文件</Filter>
    </ClCompile>
    <ClCompile Include="stdafx.cpp">
      <Filter>源文件</Filter>
    </ClCompile>
    <ClCompile Include="AutoCombox.cpp">
      <Filter>源文件</Filter>
    </ClCompile>
    <ClCompile Include="CurlDownload.cpp">
      <Filter>源文件</Filter>
    </ClCompile>
    <ClCompile Include="CurlDownloadImpl.cpp">
      <Filter>源文件</Filter>
    </ClCompile>
    <ClCompile Include="EditDlg.cpp">
      <Filter>源文件</Filter>
    </ClCompile>
    <ClCompile Include="HttpFileEx.cpp">
      <Filter>源文件</Filter>
    </ClCompile>
    <ClCompile Include="LoginDlg.cpp">
      <Filter>源文件</Filter>
    </ClCompile>
    <ClCompile Include="ModifyDlg.cpp">
      <Filter>源文件</Filter>
    </ClCompile>
    <ClCompile Include="OleRichEditCtrl.cpp">
      <Filter>源文件</Filter>
    </ClCompile>
    <ClCompile Include="ProjectDlg.cpp">
      <Filter>源文件</Filter>
    </ClCompile>
    <ClCompile Include="RegisterDlg.cpp">
      <Filter>源文件</Filter>
    </ClCompile>
    <ClCompile Include="SearchDlg.cpp">
      <Filter>源文件</Filter>
    </ClCompile>
    <ClCompile Include="SettingDlg.cpp">
      <Filter>源文件</Filter>
    </ClCompile>
    <ClCompile Include="SortHeaderCtrl.cpp">
      <Filter>源文件</Filter>
    </ClCompile>
    <ClCompile Include="SortListCtrl.cpp">
      <Filter>源文件</Filter>
    </ClCompile>
    <ClCompile Include="SqliteManager.cpp">
      <Filter>源文件</Filter>
    </ClCompile>
    <ClCompile Include="SynchronizeDlg.cpp">
      <Filter>源文件</Filter>
    </ClCompile>
    <ClCompile Include="threadpool.cpp">
      <Filter>源文件</Filter>
    </ClCompile>
    <ClCompile Include="TransmissionDlg.cpp">
      <Filter>源文件</Filter>
    </ClCompile>
    <ClCompile Include="NotifyDlg.cpp">
      <Filter>源文件</Filter>
    </ClCompile>
    <ClCompile Include="WebProjectDlg.cpp">
      <Filter>源文件</Filter>
    </ClCompile>
    <ClCompile Include="WebEditDlg.cpp">
      <Filter>源文件</Filter>
    </ClCompile>
    <ClCompile Include="GroupDlg.cpp">
      <Filter>源文件</Filter>
    </ClCompile>
    <ClCompile Include="code_base\ControlAnchor.cpp">
      <Filter>code_base</Filter>
    </ClCompile>
    <ClCompile Include="code_base\CustomDrawCommon.cpp">
      <Filter>code_base</Filter>
    </ClCompile>
    <ClCompile Include="code_base\CustomDrawControl.cpp">
      <Filter>code_base</Filter>
    </ClCompile>
    <ClCompile Include="code_base\CustomDrawUtils.cpp">
      <Filter>code_base</Filter>
    </ClCompile>
    <ClCompile Include="capture\common.cpp">
      <Filter>capture</Filter>
    </ClCompile>
    <ClCompile Include="capture\FullScreenWnd.cpp">
      <Filter>capture</Filter>
    </ClCompile>
    <ClCompile Include="capture\ImageButton.cpp">
      <Filter>capture</Filter>
    </ClCompile>
    <ClCompile Include="capture\MagnifierDlg.cpp">
      <Filter>capture</Filter>
    </ClCompile>
    <ClCompile Include="capture\PickColorDlg.cpp">
      <Filter>capture</Filter>
    </ClCompile>
    <ClCompile Include="capture\ScreenToolDlg.cpp">
      <Filter>capture</Filter>
    </ClCompile>
    <ClCompile Include="capture\SnapWindowDlg.cpp">
      <Filter>capture</Filter>
    </ClCompile>
    <ClCompile Include="ParagraphDlg.cpp">
      <Filter>源文件</Filter>
    </ClCompile>
    <ClCompile Include="DocumentDlg.cpp">
      <Filter>源文件</Filter>
    </ClCompile>
    <ClCompile Include="TabSheet.cpp">
      <Filter>源文件</Filter>
    </ClCompile>
    <ClCompile Include="AssistantDlg.cpp">
      <Filter>源文件</Filter>
    </ClCompile>
    <ClCompile Include="OleImage.cpp">
      <Filter>源文件</Filter>
    </ClCompile>
    <ClCompile Include="Animator_i.c">
      <Filter>源文件</Filter>
    </ClCompile>
  </ItemGroup>
  <ItemGroup>
    <ResourceCompile Include="编程助理.rc">
      <Filter>资源文件</Filter>
    </ResourceCompile>
  </ItemGroup>
</Project>